
Microsoft Visual Studio Solution File, Format Version 12.00
# Visual Studio 15
VisualStudioVersion = 15.0.28010.2050
MinimumVisualStudioVersion = 10.0.40219.1
Project("{9A19103F-16F7-4668-BE54-9A1E7A4F7556}") = "NuGetSearch", "NuGetSearch\NuGetSearch.csproj", "{67457AC4-A108-486D-B078-CB2279B6533A}"
EndProject
Project("{9A19103F-16F7-4668-BE54-9A1E7A4F7556}") = "NuGetSearch.Models", "NuGetSearch.Models\NuGetSearch.Models.csproj", "{0A467F3F-B600-4364-8024-4661BE80A3F9}"
EndProject
Project("{9A19103F-16F7-4668-BE54-9A1E7A4F7556}") = "NuGetSearch.Import.DiskToElasticSearch", "NuGetSearch.Import.DiskToElasticSearch\NuGetSearch.Import.DiskToElasticSearch.csproj", "{47BD5A50-0BB9-4332-AD63-957F477BE372}"
EndProject
Project("{9A19103F-16F7-4668-BE54-9A1E7A4F7556}") = "NuGetSearch.Import.NuGetToDisk", "NuGetSearch.Import.NuGetToDisk\NuGetSearch.Import.NuGetToDisk.csproj", "{D50F8CE8-E00E-4ECD-8BDD-6FD88B41156E}"
EndProject
Project("{FAE04EC0-301F-11D3-BF4B-00C04F79EFBC}") = "NuGetSearch.Repositories", "NuGetSearch.Repositories\NuGetSearch.Repositories.csproj", "{06C8A8FB-A8BA-4004-9F8B-E46F2E4DDA2E}"
EndProject
Global
	GlobalSection(SolutionConfigurationPlatforms) = preSolution
		Debug|Any CPU = Debug|Any CPU
		Release|Any CPU = Release|Any CPU
	EndGlobalSection
	GlobalSection(ProjectConfigurationPlatforms) = postSolution
		{67457AC4-A108-486D-B078-CB2279B6533A}.Debug|Any CPU.ActiveCfg = Debug|Any CPU
		{67457AC4-A108-486D-B078-CB2279B6533A}.Debug|Any CPU.Build.0 = Debug|Any CPU
		{67457AC4-A108-486D-B078-CB2279B6533A}.Release|Any CPU.ActiveCfg = Release|Any CPU
		{67457AC4-A108-486D-B078-CB2279B6533A}.Release|Any CPU.Build.0 = Release|Any CPU
		{0A467F3F-B600-4364-8024-4661BE80A3F9}.Debug|Any CPU.ActiveCfg = Debug|Any CPU
		{0A467F3F-B600-4364-8024-4661BE80A3F9}.Debug|Any CPU.Build.0 = Debug|Any CPU
		{0A467F3F-B600-4364-8024-4661BE80A3F9}.Release|Any CPU.ActiveCfg = Release|Any CPU
		{0A467F3F-B600-4364-8024-4661BE80A3F9}.Release|Any CPU.Build.0 = Release|Any CPU
		{47BD5A50-0BB9-4332-AD63-957F477BE372}.Debug|Any CPU.ActiveCfg = Debug|Any CPU
		{47BD5A50-0BB9-4332-AD63-957F477BE372}.Debug|Any CPU.Build.0 = Debug|Any CPU
		{47BD5A50-0BB9-4332-AD63-957F477BE372}.Release|Any CPU.ActiveCfg = Release|Any CPU
		{47BD5A50-0BB9-4332-AD63-957F477BE372}.Release|Any CPU.Build.0 = Release|Any CPU
		{D50F8CE8-E00E-4ECD-8BDD-6FD88B41156E}.Debug|Any CPU.ActiveCfg = Debug|Any CPU
		{D50F8CE8-E00E-4ECD-8BDD-6FD88B41156E}.Debug|Any CPU.Build.0 = Debug|Any CPU
		{D50F8CE8-E00E-4ECD-8BDD-6FD88B41156E}.Release|Any CPU.ActiveCfg = Release|Any CPU
		{D50F8CE8-E00E-4ECD-8BDD-6FD88B41156E}.Release|Any CPU.Build.0 = Release|Any CPU
		{06C8A8FB-A8BA-4004-9F8B-E46F2E4DDA2E}.Debug|Any CPU.ActiveCfg = Debug|Any CPU
		{06C8A8FB-A8BA-4004-9F8B-E46F2E4DDA2E}.Debug|Any CPU.Build.0 = Debug|Any CPU
		{06C8A8FB-A8BA-4004-9F8B-E46F2E4DDA2E}.Release|Any CPU.ActiveCfg = Release|Any CPU
		{06C8A8FB-A8BA-4004-9F8B-E46F2E4DDA2E}.Release|Any CPU.Build.0 = Release|Any CPU
	EndGlobalSection
	GlobalSection(SolutionProperties) = preSolution
		HideSolutionNode = FALSE
	EndGlobalSection
	GlobalSection(ExtensibilityGlobals) = postSolution
		SolutionGuid = {95FC314E-E57F-4A45-B46A-C9640CE3564D}
	EndGlobalSection
EndGlobal
